
Microsoft Visual Studio Solution File, Format Version 12.00
# Visual Studio Version 17
VisualStudioVersion = 17.7.34031.279
MinimumVisualStudioVersion = 10.0.40219.1
Project("{FAE04EC0-301F-11D3-BF4B-00C04F79EFBC}") = "Tutorial1", "Tutorial1\Tutorial1.csproj", "{5EFDEDB1-20E1-4814-B329-E58C95E57BB5}"
EndProject
Project("{FAE04EC0-301F-11D3-BF4B-00C04F79EFBC}") = "Tutorial2", "Tutorial2\Tutorial2.csproj", "{96F8ACF4-A204-40CE-B2BF-489C6C4DBBD6}"
EndProject
Global
	GlobalSection(SolutionConfigurationPlatforms) = preSolution
		Debug|Any CPU = Debug|Any CPU
		Release|Any CPU = Release|Any CPU
	EndGlobalSection
	GlobalSection(ProjectConfigurationPlatforms) = postSolution
		{5EFDEDB1-20E1-4814-B329-E58C95E57BB5}.Debug|Any CPU.ActiveCfg = Debug|Any CPU
		{5EFDEDB1-20E1-4814-B329-E58C95E57BB5}.Debug|Any CPU.Build.0 = Debug|Any CPU
		{5EFDEDB1-20E1-4814-B329-E58C95E57BB5}.Release|Any CPU.ActiveCfg = Release|Any CPU
		{5EFDEDB1-20E1-4814-B329-E58C95E57BB5}.Release|Any CPU.Build.0 = Release|Any CPU
		{96F8ACF4-A204-40CE-B2BF-489C6C4DBBD6}.Debug|Any CPU.ActiveCfg = Debug|Any CPU
		{96F8ACF4-A204-40CE-B2BF-489C6C4DBBD6}.Debug|Any CPU.Build.0 = Debug|Any CPU
		{96F8ACF4-A204-40CE-B2BF-489C6C4DBBD6}.Release|Any CPU.ActiveCfg = Release|Any CPU
		{96F8ACF4-A204-40CE-B2BF-489C6C4DBBD6}.Release|Any CPU.Build.0 = Release|Any CPU
	EndGlobalSection
	GlobalSection(SolutionProperties) = preSolution
		HideSolutionNode = FALSE
	EndGlobalSection
	GlobalSection(ExtensibilityGlobals) = postSolution
		SolutionGuid = {3BC24FAF-FE78-4F7C-A48C-231F77706E72}
	EndGlobalSection
EndGlobal
